
Microsoft Visual Studio Solution File, Format Version 12.00
# Visual Studio 2013
VisualStudioVersion = 12.0.30723.0
MinimumVisualStudioVersion = 10.0.40219.1
Project("{FAE04EC0-301F-11D3-BF4B-00C04F79EFBC}") = "PieAnalytics", "PieAnalytics\PieAnalytics.csproj", "{56076B17-A4C6-46D6-AEE8-6960D69847E4}"
EndProject
Project("{2150E333-8FDC-42A3-9474-1A3956D46DE8}") = ".nuget", ".nuget", "{3EF1EC5D-E8BB-4206-A046-BFA3D64858DF}"
	ProjectSection(SolutionItems) = preProject
		.nuget\NuGet.Config = .nuget\NuGet.Config
		.nuget\NuGet.exe = .nuget\NuGet.exe
		.nuget\NuGet.targets = .nuget\NuGet.targets
	EndProjectSection
EndProject
Project("{FAE04EC0-301F-11D3-BF4B-00C04F79EFBC}") = "PieAnalytics.Mongo", "PieAnalytics.Mongo\PieAnalytics.Mongo.csproj", "{A5B54290-AAD1-4675-8F7F-9C06ECB526C8}"
EndProject
Project("{FAE04EC0-301F-11D3-BF4B-00C04F79EFBC}") = "PieAnalytics.DataCollector", "PieAnalytics.DataCollector\PieAnalytics.DataCollector.csproj", "{46C656E1-0162-4F78-91CE-E74926634C30}"
EndProject
Project("{2150E333-8FDC-42A3-9474-1A3956D46DE8}") = "docs", "docs", "{FE7D6B61-8503-409B-8636-AFCB62E14BC1}"
	ProjectSection(SolutionItems) = preProject
		..\..\Box Sync\Dropbox Backup\UI THEMES\themeforest-1460451-mws-admin-full-featured-admin-template\html-template.zip = ..\..\Box Sync\Dropbox Backup\UI THEMES\themeforest-1460451-mws-admin-full-featured-admin-template\html-template.zip
		Mongo Cluster Setup.docx = Mongo Cluster Setup.docx
		Readme.txt = Readme.txt
	EndProjectSection
EndProject
Project("{FAE04EC0-301F-11D3-BF4B-00C04F79EFBC}") = "PioneerApp.DataAnalysis", "PioneerApp.DataAnalysis\PioneerApp.DataAnalysis.csproj", "{FF42C8BD-270A-465A-88F2-7585548F371C}"
EndProject
Global
	GlobalSection(SolutionConfigurationPlatforms) = preSolution
		Debug|Any CPU = Debug|Any CPU
		Release|Any CPU = Release|Any CPU
	EndGlobalSection
	GlobalSection(ProjectConfigurationPlatforms) = postSolution
		{56076B17-A4C6-46D6-AEE8-6960D69847E4}.Debug|Any CPU.ActiveCfg = Debug|Any CPU
		{56076B17-A4C6-46D6-AEE8-6960D69847E4}.Debug|Any CPU.Build.0 = Debug|Any CPU
		{56076B17-A4C6-46D6-AEE8-6960D69847E4}.Release|Any CPU.ActiveCfg = Release|Any CPU
		{56076B17-A4C6-46D6-AEE8-6960D69847E4}.Release|Any CPU.Build.0 = Release|Any CPU
		{A5B54290-AAD1-4675-8F7F-9C06ECB526C8}.Debug|Any CPU.ActiveCfg = Debug|Any CPU
		{A5B54290-AAD1-4675-8F7F-9C06ECB526C8}.Debug|Any CPU.Build.0 = Debug|Any CPU
		{A5B54290-AAD1-4675-8F7F-9C06ECB526C8}.Release|Any CPU.ActiveCfg = Release|Any CPU
		{A5B54290-AAD1-4675-8F7F-9C06ECB526C8}.Release|Any CPU.Build.0 = Release|Any CPU
		{46C656E1-0162-4F78-91CE-E74926634C30}.Debug|Any CPU.ActiveCfg = Debug|Any CPU
		{46C656E1-0162-4F78-91CE-E74926634C30}.Debug|Any CPU.Build.0 = Debug|Any CPU
		{46C656E1-0162-4F78-91CE-E74926634C30}.Release|Any CPU.ActiveCfg = Release|Any CPU
		{46C656E1-0162-4F78-91CE-E74926634C30}.Release|Any CPU.Build.0 = Release|Any CPU
		{FF42C8BD-270A-465A-88F2-7585548F371C}.Debug|Any CPU.ActiveCfg = Debug|Any CPU
		{FF42C8BD-270A-465A-88F2-7585548F371C}.Debug|Any CPU.Build.0 = Debug|Any CPU
		{FF42C8BD-270A-465A-88F2-7585548F371C}.Release|Any CPU.ActiveCfg = Release|Any CPU
		{FF42C8BD-270A-465A-88F2-7585548F371C}.Release|Any CPU.Build.0 = Release|Any CPU
	EndGlobalSection
	GlobalSection(SolutionProperties) = preSolution
		HideSolutionNode = FALSE
	EndGlobalSection
EndGlobal
